
Microsoft Visual Studio Solution File, Format Version 12.00
# Visual Studio 15
VisualStudioVersion = 15.0.28307.438
MinimumVisualStudioVersion = 10.0.40219.1
Project("{FAE04EC0-301F-11D3-BF4B-00C04F79EFBC}") = "BookingCalendar", "BookingCalendar\BookingCalendar.csproj", "{B4EB6F65-D772-4586-8748-6035C3D2042D}"
EndProject
Global
	GlobalSection(SolutionConfigurationPlatforms) = preSolution
		Debug|Any CPU = Debug|Any CPU
		Release|Any CPU = Release|Any CPU
	EndGlobalSection
	GlobalSection(ProjectConfigurationPlatforms) = postSolution
		{B4EB6F65-D772-4586-8748-6035C3D2042D}.Debug|Any CPU.ActiveCfg = Debug|Any CPU
		{B4EB6F65-D772-4586-8748-6035C3D2042D}.Debug|Any CPU.Build.0 = Debug|Any CPU
		{B4EB6F65-D772-4586-8748-6035C3D2042D}.Release|Any CPU.ActiveCfg = Release|Any CPU
		{B4EB6F65-D772-4586-8748-6035C3D2042D}.Release|Any CPU.Build.0 = Release|Any CPU
	EndGlobalSection
	GlobalSection(SolutionProperties) = preSolution
		HideSolutionNode = FALSE
	EndGlobalSection
	GlobalSection(ExtensibilityGlobals) = postSolution
		SolutionGuid = {0FF13FF6-612A-492B-988F-3A4A933967A6}
	EndGlobalSection
EndGlobal
